
Microsoft Visual Studio Solution File, Format Version 12.00
# Visual Studio Version 17
VisualStudioVersion = 17.11.35208.52
MinimumVisualStudioVersion = 10.0.40219.1
Project("{FAE04EC0-301F-11D3-BF4B-00C04F79EFBC}") = "VirtstrumentAPI", "VirtstrumentAPI.csproj", "{F47556CC-9801-414B-A770-92AAFF9E89CC}"
EndProject
Global
	GlobalSection(SolutionConfigurationPlatforms) = preSolution
		Debug|Any CPU = Debug|Any CPU
		Release|Any CPU = Release|Any CPU
	EndGlobalSection
	GlobalSection(ProjectConfigurationPlatforms) = postSolution
		{F47556CC-9801-414B-A770-92AAFF9E89CC}.Debug|Any CPU.ActiveCfg = Debug|Any CPU
		{F47556CC-9801-414B-A770-92AAFF9E89CC}.Debug|Any CPU.Build.0 = Debug|Any CPU
		{F47556CC-9801-414B-A770-92AAFF9E89CC}.Release|Any CPU.ActiveCfg = Release|Any CPU
		{F47556CC-9801-414B-A770-92AAFF9E89CC}.Release|Any CPU.Build.0 = Release|Any CPU
	EndGlobalSection
	GlobalSection(SolutionProperties) = preSolution
		HideSolutionNode = FALSE
	EndGlobalSection
	GlobalSection(ExtensibilityGlobals) = postSolution
		SolutionGuid = {EF999EB4-1600-41AF-B5DE-BCB316C6C7F1}
	EndGlobalSection
EndGlobal
